
Microsoft Visual Studio Solution File, Format Version 12.00
# Visual Studio 15
VisualStudioVersion = 15.0.28307.421
MinimumVisualStudioVersion = 10.0.40219.1
Project("{FAE04EC0-301F-11D3-BF4B-00C04F79EFBC}") = "Expeditapplikationversion1", "Expeditapplikationversion1.csproj", "{8DE21F22-A681-4783-B25D-63304661E9BE}"
EndProject
Project("{FAE04EC0-301F-11D3-BF4B-00C04F79EFBC}") = "ClassLibrary", "..\ClassLibrary\ClassLibrary.csproj", "{1BD09E85-E505-4814-AE8B-D704BED7CEBE}"
EndProject
Global
	GlobalSection(SolutionConfigurationPlatforms) = preSolution
		Debug|Any CPU = Debug|Any CPU
		Release|Any CPU = Release|Any CPU
	EndGlobalSection
	GlobalSection(ProjectConfigurationPlatforms) = postSolution
		{8DE21F22-A681-4783-B25D-63304661E9BE}.Debug|Any CPU.ActiveCfg = Debug|Any CPU
		{8DE21F22-A681-4783-B25D-63304661E9BE}.Debug|Any CPU.Build.0 = Debug|Any CPU
		{8DE21F22-A681-4783-B25D-63304661E9BE}.Release|Any CPU.ActiveCfg = Release|Any CPU
		{8DE21F22-A681-4783-B25D-63304661E9BE}.Release|Any CPU.Build.0 = Release|Any CPU
		{1BD09E85-E505-4814-AE8B-D704BED7CEBE}.Debug|Any CPU.ActiveCfg = Debug|Any CPU
		{1BD09E85-E505-4814-AE8B-D704BED7CEBE}.Debug|Any CPU.Build.0 = Debug|Any CPU
		{1BD09E85-E505-4814-AE8B-D704BED7CEBE}.Release|Any CPU.ActiveCfg = Release|Any CPU
		{1BD09E85-E505-4814-AE8B-D704BED7CEBE}.Release|Any CPU.Build.0 = Release|Any CPU
	EndGlobalSection
	GlobalSection(SolutionProperties) = preSolution
		HideSolutionNode = FALSE
	EndGlobalSection
	GlobalSection(ExtensibilityGlobals) = postSolution
		SolutionGuid = {67A0AAF0-6DD8-49E7-AE34-E63EB8AD4EED}
	EndGlobalSection
EndGlobal
